
Microsoft Visual Studio Solution File, Format Version 12.00
# Visual Studio Version 17
VisualStudioVersion = 17.2.32630.192
MinimumVisualStudioVersion = 10.0.40219.1
Project("{FAE04EC0-301F-11D3-BF4B-00C04F79EFBC}") = "FactoryPatternExercise", "FactoryPatternExercise\FactoryPatternExercise.csproj", "{9A6CA5F6-FFA5-4848-91A5-D4CA7D10F9B1}"
EndProject
Global
	GlobalSection(SolutionConfigurationPlatforms) = preSolution
		Debug|Any CPU = Debug|Any CPU
		Release|Any CPU = Release|Any CPU
	EndGlobalSection
	GlobalSection(ProjectConfigurationPlatforms) = postSolution
		{9A6CA5F6-FFA5-4848-91A5-D4CA7D10F9B1}.Debug|Any CPU.ActiveCfg = Debug|Any CPU
		{9A6CA5F6-FFA5-4848-91A5-D4CA7D10F9B1}.Debug|Any CPU.Build.0 = Debug|Any CPU
		{9A6CA5F6-FFA5-4848-91A5-D4CA7D10F9B1}.Release|Any CPU.ActiveCfg = Release|Any CPU
		{9A6CA5F6-FFA5-4848-91A5-D4CA7D10F9B1}.Release|Any CPU.Build.0 = Release|Any CPU
	EndGlobalSection
	GlobalSection(SolutionProperties) = preSolution
		HideSolutionNode = FALSE
	EndGlobalSection
	GlobalSection(ExtensibilityGlobals) = postSolution
		SolutionGuid = {C749B5DD-ED9C-45F1-A4A0-C9604C5E359D}
	EndGlobalSection
EndGlobal
